
Microsoft Visual Studio Solution File, Format Version 12.00
# Visual Studio Version 16
VisualStudioVersion = 16.0.30804.86
MinimumVisualStudioVersion = 10.0.40219.1
Project("{9A19103F-16F7-4668-BE54-9A1E7A4F7556}") = "Myfirstwebsite", "Myfirstwebsite\Myfirstwebsite.csproj", "{31EB5A65-DF16-4228-9556-2ACDAD74201A}"
EndProject
Global
	GlobalSection(SolutionConfigurationPlatforms) = preSolution
		Debug|Any CPU = Debug|Any CPU
		Release|Any CPU = Release|Any CPU
	EndGlobalSection
	GlobalSection(ProjectConfigurationPlatforms) = postSolution
		{31EB5A65-DF16-4228-9556-2ACDAD74201A}.Debug|Any CPU.ActiveCfg = Debug|Any CPU
		{31EB5A65-DF16-4228-9556-2ACDAD74201A}.Debug|Any CPU.Build.0 = Debug|Any CPU
		{31EB5A65-DF16-4228-9556-2ACDAD74201A}.Release|Any CPU.ActiveCfg = Release|Any CPU
		{31EB5A65-DF16-4228-9556-2ACDAD74201A}.Release|Any CPU.Build.0 = Release|Any CPU
	EndGlobalSection
	GlobalSection(SolutionProperties) = preSolution
		HideSolutionNode = FALSE
	EndGlobalSection
	GlobalSection(ExtensibilityGlobals) = postSolution
		SolutionGuid = {5D804F8E-D1DD-416F-8777-4DAB16E8B53B}
	EndGlobalSection
EndGlobal
